// !$*UTF8*$!
{
	archiveVersion = 1;
	classes = {
	};
	objectVersion = 56;
	objects = {

/* Begin PBXBuildFile section */
		61000D612C924CF600A08D23 /* GoogleService-Info.plist in Resources */ = {isa = PBXBuildFile; fileRef = 61000D602C924CF600A08D23 /* GoogleService-Info.plist */; };
		61782E112C9255E900A29668 /* FirebaseAnalytics in Frameworks */ = {isa = PBXBuildFile; productRef = 61782E102C9255E900A29668 /* FirebaseAnalytics */; };
		61782E132C9255F100A29668 /* FirebaseRemoteConfig in Frameworks */ = {isa = PBXBuildFile; productRef = 61782E122C9255F100A29668 /* FirebaseRemoteConfig */; };
		61782E152C9255F700A29668 /* FirebaseStorage in Frameworks */ = {isa = PBXBuildFile; productRef = 61782E142C9255F700A29668 /* FirebaseStorage */; };
		61782E172C92563800A29668 /* FirebaseAnalyticsOnDeviceConversion in Frameworks */ = {isa = PBXBuildFile; productRef = 61782E162C92563800A29668 /* FirebaseAnalyticsOnDeviceConversion */; };
		61782E192C92565000A29668 /* FirebaseAnalyticsWithoutAdIdSupport in Frameworks */ = {isa = PBXBuildFile; productRef = 61782E182C92565000A29668 /* FirebaseAnalyticsWithoutAdIdSupport */; };
		61782E1B2C92565A00A29668 /* FirebaseAppCheck in Frameworks */ = {isa = PBXBuildFile; productRef = 61782E1A2C92565A00A29668 /* FirebaseAppCheck */; };
		61782E1D2C92567A00A29668 /* FirebaseMessaging in Frameworks */ = {isa = PBXBuildFile; productRef = 61782E1C2C92567A00A29668 /* FirebaseMessaging */; };
		61782E1F2C92BF8B00A29668 /* HomeViewController.swift in Sources */ = {isa = PBXBuildFile; fileRef = 61782E1E2C92BF8B00A29668 /* HomeViewController.swift */; };
		61C6D6802C9232F700C7563D /* AppDelegate.swift in Sources */ = {isa = PBXBuildFile; fileRef = 61C6D67F2C9232F700C7563D /* AppDelegate.swift */; };
		61C6D6822C9232F700C7563D /* SceneDelegate.swift in Sources */ = {isa = PBXBuildFile; fileRef = 61C6D6812C9232F700C7563D /* SceneDelegate.swift */; };
		61C6D6842C9232F700C7563D /* ViewController.swift in Sources */ = {isa = PBXBuildFile; fileRef = 61C6D6832C9232F700C7563D /* ViewController.swift */; };
		61C6D6872C9232F700C7563D /* Base in Resources */ = {isa = PBXBuildFile; fileRef = 61C6D6862C9232F700C7563D /* Base */; };
		61C6D6892C9232F800C7563D /* Assets.xcassets in Resources */ = {isa = PBXBuildFile; fileRef = 61C6D6882C9232F800C7563D /* Assets.xcassets */; };
		61C6D68C2C9232F800C7563D /* Base in Resources */ = {isa = PBXBuildFile; fileRef = 61C6D68B2C9232F800C7563D /* Base */; };
		6B4817DEA06CEF6E5A76AEF6 /* Pods_DynamicDesigns.framework in Frameworks */ = {isa = PBXBuildFile; fileRef = 718958B8B8CB1FAD54B8979F /* Pods_DynamicDesigns.framework */; };
/* End PBXBuildFile section */

/* Begin PBXFileReference section */
		087FA16FF3ADCDF1A54F52A4 /* Pods-DynamicDesigns.release.xcconfig */ = {isa = PBXFileReference; includeInIndex = 1; lastKnownFileType = text.xcconfig; name = "Pods-DynamicDesigns.release.xcconfig"; path = "Target Support Files/Pods-DynamicDesigns/Pods-DynamicDesigns.release.xcconfig"; sourceTree = "<group>"; };
		0F7C05DE770C249497359A79 /* Pods-DynamicDesigns.debug.xcconfig */ = {isa = PBXFileReference; includeInIndex = 1; lastKnownFileType = text.xcconfig; name = "Pods-DynamicDesigns.debug.xcconfig"; path = "Target Support Files/Pods-DynamicDesigns/Pods-DynamicDesigns.debug.xcconfig"; sourceTree = "<group>"; };
		61000D602C924CF600A08D23 /* GoogleService-Info.plist */ = {isa = PBXFileReference; fileEncoding = 4; lastKnownFileType = text.plist.xml; path = "GoogleService-Info.plist"; sourceTree = "<group>"; };
		61782E1E2C92BF8B00A29668 /* HomeViewController.swift */ = {isa = PBXFileReference; lastKnownFileType = sourcecode.swift; path = HomeViewController.swift; sourceTree = "<group>"; };
		61C6D67C2C9232F700C7563D /* DynamicDesigns.app */ = {isa = PBXFileReference; explicitFileType = wrapper.application; includeInIndex = 0; path = DynamicDesigns.app; sourceTree = BUILT_PRODUCTS_DIR; };
		61C6D67F2C9232F700C7563D /* AppDelegate.swift */ = {isa = PBXFileReference; lastKnownFileType = sourcecode.swift; path = AppDelegate.swift; sourceTree = "<group>"; };
		61C6D6812C9232F700C7563D /* SceneDelegate.swift */ = {isa = PBXFileReference; lastKnownFileType = sourcecode.swift; path = SceneDelegate.swift; sourceTree = "<group>"; };
		61C6D6832C9232F700C7563D /* ViewController.swift */ = {isa = PBXFileReference; lastKnownFileType = sourcecode.swift; path = ViewController.swift; sourceTree = "<group>"; };
		61C6D6862C9232F700C7563D /* Base */ = {isa = PBXFileReference; lastKnownFileType = file.storyboard; name = Base; path = Base.lproj/Main.storyboard; sourceTree = "<group>"; };
		61C6D6882C9232F800C7563D /* Assets.xcassets */ = {isa = PBXFileReference; lastKnownFileType = folder.assetcatalog; path = Assets.xcassets; sourceTree = "<group>"; };
		61C6D68B2C9232F800C7563D /* Base */ = {isa = PBXFileReference; lastKnownFileType = file.storyboard; name = Base; path = Base.lproj/LaunchScreen.storyboard; sourceTree = "<group>"; };
		61C6D68D2C9232F800C7563D /* Info.plist */ = {isa = PBXFileReference; lastKnownFileType = text.plist.xml; path = Info.plist; sourceTree = "<group>"; };
		718958B8B8CB1FAD54B8979F /* Pods_DynamicDesigns.framework */ = {isa = PBXFileReference; explicitFileType = wrapper.framework; includeInIndex = 0; path = Pods_DynamicDesigns.framework; sourceTree = BUILT_PRODUCTS_DIR; };
/* End PBXFileReference section */

/* Begin PBXFrameworksBuildPhase section */
		61C6D6792C9232F700C7563D /* Frameworks */ = {
			isa = PBXFrameworksBuildPhase;
			buildActionMask = 2147483647;
			files = (
				61782E112C9255E900A29668 /* FirebaseAnalytics in Frameworks */,
				61782E192C92565000A29668 /* FirebaseAnalyticsWithoutAdIdSupport in Frameworks */,
				61782E1D2C92567A00A29668 /* FirebaseMessaging in Frameworks */,
				61782E132C9255F100A29668 /* FirebaseRemoteConfig in Frameworks */,
				61782E152C9255F700A29668 /* FirebaseStorage in Frameworks */,
				61782E1B2C92565A00A29668 /* FirebaseAppCheck in Frameworks */,
				61782E172C92563800A29668 /* FirebaseAnalyticsOnDeviceConversion in Frameworks */,
				6B4817DEA06CEF6E5A76AEF6 /* Pods_DynamicDesigns.framework in Frameworks */,
			);
			runOnlyForDeploymentPostprocessing = 0;
		};
/* End PBXFrameworksBuildPhase section */

/* Begin PBXGroup section */
		61782E0F2C9255E900A29668 /* Frameworks */ = {
			isa = PBXGroup;
			children = (
				718958B8B8CB1FAD54B8979F /* Pods_DynamicDesigns.framework */,
			);
			name = Frameworks;
			sourceTree = "<group>";
		};
		61782E202C92BF9500A29668 /* Home */ = {
			isa = PBXGroup;
			children = (
				61782E1E2C92BF8B00A29668 /* HomeViewController.swift */,
			);
			path = Home;
			sourceTree = "<group>";
		};
		61C6D6732C9232F700C7563D = {
			isa = PBXGroup;
			children = (
				61C6D67E2C9232F700C7563D /* DynamicDesigns */,
				61C6D67D2C9232F700C7563D /* Products */,
				61782E0F2C9255E900A29668 /* Frameworks */,
				CF164F2349328CB5612C001C /* Pods */,
			);
			sourceTree = "<group>";
		};
		61C6D67D2C9232F700C7563D /* Products */ = {
			isa = PBXGroup;
			children = (
				61C6D67C2C9232F700C7563D /* DynamicDesigns.app */,
			);
			name = Products;
			sourceTree = "<group>";
		};
		61C6D67E2C9232F700C7563D /* DynamicDesigns */ = {
			isa = PBXGroup;
			children = (
				61C6D6832C9232F700C7563D /* ViewController.swift */,
				61782E202C92BF9500A29668 /* Home */,
				61C6D67F2C9232F700C7563D /* AppDelegate.swift */,
				61C6D6812C9232F700C7563D /* SceneDelegate.swift */,
				61C6D6852C9232F700C7563D /* Main.storyboard */,
				61C6D6882C9232F800C7563D /* Assets.xcassets */,
				61C6D68A2C9232F800C7563D /* LaunchScreen.storyboard */,
				61000D602C924CF600A08D23 /* GoogleService-Info.plist */,
				61C6D68D2C9232F800C7563D /* Info.plist */,
			);
			path = DynamicDesigns;
			sourceTree = "<group>";
		};
		CF164F2349328CB5612C001C /* Pods */ = {
			isa = PBXGroup;
			children = (
				0F7C05DE770C249497359A79 /* Pods-DynamicDesigns.debug.xcconfig */,
				087FA16FF3ADCDF1A54F52A4 /* Pods-DynamicDesigns.release.xcconfig */,
			);
			path = Pods;
			sourceTree = "<group>";
		};
/* End PBXGroup section */

/* Begin PBXNativeTarget section */
		61C6D67B2C9232F700C7563D /* DynamicDesigns */ = {
			isa = PBXNativeTarget;
			buildConfigurationList = 61C6D6902C9232F800C7563D /* Build configuration list for PBXNativeTarget "DynamicDesigns" */;
			buildPhases = (
				FB47209CBA52FFEA8A9D4322 /* [CP] Check Pods Manifest.lock */,
				61C6D6782C9232F700C7563D /* Sources */,
				61C6D6792C9232F700C7563D /* Frameworks */,
				61C6D67A2C9232F700C7563D /* Resources */,
				06AB9D37DFB59B19FB630F06 /* [CP] Copy Pods Resources */,
			);
			buildRules = (
			);
			dependencies = (
			);
			name = DynamicDesigns;
			packageProductDependencies = (
				61782E102C9255E900A29668 /* FirebaseAnalytics */,
				61782E122C9255F100A29668 /* FirebaseRemoteConfig */,
				61782E142C9255F700A29668 /* FirebaseStorage */,
				61782E162C92563800A29668 /* FirebaseAnalyticsOnDeviceConversion */,
				61782E182C92565000A29668 /* FirebaseAnalyticsWithoutAdIdSupport */,
				61782E1A2C92565A00A29668 /* FirebaseAppCheck */,
				61782E1C2C92567A00A29668 /* FirebaseMessaging */,
			);
			productName = DynamicDesigns;
			productReference = 61C6D67C2C9232F700C7563D /* DynamicDesigns.app */;
			productType = "com.apple.product-type.application";
		};
/* End PBXNativeTarget section */

/* Begin PBXProject section */
		61C6D6742C9232F700C7563D /* Project object */ = {
			isa = PBXProject;
			attributes = {
				BuildIndependentTargetsInParallel = 1;
				LastSwiftUpdateCheck = 1540;
				LastUpgradeCheck = 1540;
				TargetAttributes = {
					61C6D67B2C9232F700C7563D = {
						CreatedOnToolsVersion = 15.4;
					};
				};
			};
			buildConfigurationList = 61C6D6772C9232F700C7563D /* Build configuration list for PBXProject "DynamicDesigns" */;
			compatibilityVersion = "Xcode 14.0";
			developmentRegion = en;
			hasScannedForEncodings = 0;
			knownRegions = (
				en,
				Base,
			);
			mainGroup = 61C6D6732C9232F700C7563D;
			packageReferences = (
				61000D622C924F5300A08D23 /* XCRemoteSwiftPackageReference "firebase-ios-sdk" */,
			);
			productRefGroup = 61C6D67D2C9232F700C7563D /* Products */;
			projectDirPath = "";
			projectRoot = "";
			targets = (
				61C6D67B2C9232F700C7563D /* DynamicDesigns */,
			);
		};
/* End PBXProject section */

/* Begin PBXResourcesBuildPhase section */
		61C6D67A2C9232F700C7563D /* Resources */ = {
			isa = PBXResourcesBuildPhase;
			buildActionMask = 2147483647;
			files = (
				61C6D6892C9232F800C7563D /* Assets.xcassets in Resources */,
				61000D612C924CF600A08D23 /* GoogleService-Info.plist in Resources */,
				61C6D68C2C9232F800C7563D /* Base in Resources */,
				61C6D6872C9232F700C7563D /* Base in Resources */,
			);
			runOnlyForDeploymentPostprocessing = 0;
		};
/* End PBXResourcesBuildPhase section */

/* Begin PBXShellScriptBuildPhase section */
		06AB9D37DFB59B19FB630F06 /* [CP] Copy Pods Resources */ = {
			isa = PBXShellScriptBuildPhase;
			buildActionMask = 2147483647;
			files = (
			);
			inputFileListPaths = (
				"${PODS_ROOT}/Target Support Files/Pods-DynamicDesigns/Pods-DynamicDesigns-resources-${CONFIGURATION}-input-files.xcfilelist",
			);
			name = "[CP] Copy Pods Resources";
			outputFileListPaths = (
				"${PODS_ROOT}/Target Support Files/Pods-DynamicDesigns/Pods-DynamicDesigns-resources-${CONFIGURATION}-output-files.xcfilelist",
			);
			runOnlyForDeploymentPostprocessing = 0;
			shellPath = /bin/sh;
			shellScript = "\"${PODS_ROOT}/Target Support Files/Pods-DynamicDesigns/Pods-DynamicDesigns-resources.sh\"\n";
			showEnvVarsInLog = 0;
		};
		FB47209CBA52FFEA8A9D4322 /* [CP] Check Pods Manifest.lock */ = {
			isa = PBXShellScriptBuildPhase;
			buildActionMask = 2147483647;
			files = (
			);
			inputFileListPaths = (
			);
			inputPaths = (
				"${PODS_PODFILE_DIR_PATH}/Podfile.lock",
				"${PODS_ROOT}/Manifest.lock",
			);
			name = "[CP] Check Pods Manifest.lock";
			outputFileListPaths = (
			);
			outputPaths = (
				"$(DERIVED_FILE_DIR)/Pods-DynamicDesigns-checkManifestLockResult.txt",
			);
			runOnlyForDeploymentPostprocessing = 0;
			shellPath = /bin/sh;
			shellScript = "diff \"${PODS_PODFILE_DIR_PATH}/Podfile.lock\" \"${PODS_ROOT}/Manifest.lock\" > /dev/null\nif [ $? != 0 ] ; then\n    # print error to STDERR\n    echo \"error: The sandbox is not in sync with the Podfile.lock. Run 'pod install' or update your CocoaPods installation.\" >&2\n    exit 1\nfi\n# This output is used by Xcode 'outputs' to avoid re-running this script phase.\necho \"SUCCESS\" > \"${SCRIPT_OUTPUT_FILE_0}\"\n";
			showEnvVarsInLog = 0;
		};
/* End PBXShellScriptBuildPhase section */

/* Begin PBXSourcesBuildPhase section */
		61C6D6782C9232F700C7563D /* Sources */ = {
			isa = PBXSourcesBuildPhase;
			buildActionMask = 2147483647;
			files = (
				61C6D6842C9232F700C7563D /* ViewController.swift in Sources */,
				61C6D6802C9232F700C7563D /* AppDelegate.swift in Sources */,
				61C6D6822C9232F700C7563D /* SceneDelegate.swift in Sources */,
				61782E1F2C92BF8B00A29668 /* HomeViewController.swift in Sources */,
			);
			runOnlyForDeploymentPostprocessing = 0;
		};
/* End PBXSourcesBuildPhase section */

/* Begin PBXVariantGroup section */
		61C6D6852C9232F700C7563D /* Main.storyboard */ = {
			isa = PBXVariantGroup;
			children = (
				61C6D6862C9232F700C7563D /* Base */,
			);
			name = Main.storyboard;
			sourceTree = "<group>";
		};
		61C6D68A2C9232F800C7563D /* LaunchScreen.storyboard */ = {
			isa = PBXVariantGroup;
			children = (
				61C6D68B2C9232F800C7563D /* Base */,
			);
			name = LaunchScreen.storyboard;
			sourceTree = "<group>";
		};
/* End PBXVariantGroup section */

/* Begin XCBuildConfiguration section */
		61C6D68E2C9232F800C7563D /* Debug */ = {
			isa = XCBuildConfiguration;
			buildSettings = {
				ALWAYS_SEARCH_USER_PATHS = NO;
				ASSETCATALOG_COMPILER_GENERATE_SWIFT_ASSET_SYMBOL_EXTENSIONS = YES;
				CLANG_ANALYZER_NONNULL = YES;
				CLANG_ANALYZER_NUMBER_OBJECT_CONVERSION = YES_AGGRESSIVE;
				CLANG_CXX_LANGUAGE_STANDARD = "gnu++20";
				CLANG_ENABLE_MODULES = YES;
				CLANG_ENABLE_OBJC_ARC = YES;
				CLANG_ENABLE_OBJC_WEAK = YES;
				CLANG_WARN_BLOCK_CAPTURE_AUTORELEASING = YES;
				CLANG_WARN_BOOL_CONVERSION = YES;
				CLANG_WARN_COMMA = YES;
				CLANG_WARN_CONSTANT_CONVERSION = YES;
				CLANG_WARN_DEPRECATED_OBJC_IMPLEMENTATIONS = YES;
				CLANG_WARN_DIRECT_OBJC_ISA_USAGE = YES_ERROR;
				CLANG_WARN_DOCUMENTATION_COMMENTS = YES;
				CLANG_WARN_EMPTY_BODY = YES;
				CLANG_WARN_ENUM_CONVERSION = YES;
				CLANG_WARN_INFINITE_RECURSION = YES;
				CLANG_WARN_INT_CONVERSION = YES;
				CLANG_WARN_NON_LITERAL_NULL_CONVERSION = YES;
				CLANG_WARN_OBJC_IMPLICIT_RETAIN_SELF = YES;
				CLANG_WARN_OBJC_LITERAL_CONVERSION = YES;
				CLANG_WARN_OBJC_ROOT_CLASS = YES_ERROR;
				CLANG_WARN_QUOTED_INCLUDE_IN_FRAMEWORK_HEADER = YES;
				CLANG_WARN_RANGE_LOOP_ANALYSIS = YES;
				CLANG_WARN_STRICT_PROTOTYPES = YES;
				CLANG_WARN_SUSPICIOUS_MOVE = YES;
				CLANG_WARN_UNGUARDED_AVAILABILITY = YES_AGGRESSIVE;
				CLANG_WARN_UNREACHABLE_CODE = YES;
				CLANG_WARN__DUPLICATE_METHOD_MATCH = YES;
				COPY_PHASE_STRIP = NO;
				DEBUG_INFORMATION_FORMAT = dwarf;
				ENABLE_STRICT_OBJC_MSGSEND = YES;
				ENABLE_TESTABILITY = YES;
				ENABLE_USER_SCRIPT_SANDBOXING = NO;
				GCC_C_LANGUAGE_STANDARD = gnu17;
				GCC_DYNAMIC_NO_PIC = NO;
				GCC_NO_COMMON_BLOCKS = YES;
				GCC_OPTIMIZATION_LEVEL = 0;
				GCC_PREPROCESSOR_DEFINITIONS = (
					"DEBUG=1",
					"$(inherited)",
				);
				GCC_WARN_64_TO_32_BIT_CONVERSION = YES;
				GCC_WARN_ABOUT_RETURN_TYPE = YES_ERROR;
				GCC_WARN_UNDECLARED_SELECTOR = YES;
				GCC_WARN_UNINITIALIZED_AUTOS = YES_AGGRESSIVE;
				GCC_WARN_UNUSED_FUNCTION = YES;
				GCC_WARN_UNUSED_VARIABLE = YES;
				IPHONEOS_DEPLOYMENT_TARGET = 17.5;
				LOCALIZATION_PREFERS_STRING_CATALOGS = YES;
				MTL_ENABLE_DEBUG_INFO = INCLUDE_SOURCE;
				MTL_FAST_MATH = YES;
				ONLY_ACTIVE_ARCH = YES;
				SDKROOT = iphoneos;
				SWIFT_ACTIVE_COMPILATION_CONDITIONS = "DEBUG $(inherited)";
				SWIFT_OPTIMIZATION_LEVEL = "-Onone";
			};
			name = Debug;
		};
		61C6D68F2C9232F800C7563D /* Release */ = {
			isa = XCBuildConfiguration;
			buildSettings = {
				ALWAYS_SEARCH_USER_PATHS = NO;
				ASSETCATALOG_COMPILER_GENERATE_SWIFT_ASSET_SYMBOL_EXTENSIONS = YES;
				CLANG_ANALYZER_NONNULL = YES;
				CLANG_ANALYZER_NUMBER_OBJECT_CONVERSION = YES_AGGRESSIVE;
				CLANG_CXX_LANGUAGE_STANDARD = "gnu++20";
				CLANG_ENABLE_MODULES = YES;
				CLANG_ENABLE_OBJC_ARC = YES;
				CLANG_ENABLE_OBJC_WEAK = YES;
				CLANG_WARN_BLOCK_CAPTURE_AUTORELEASING = YES;
				CLANG_WARN_BOOL_CONVERSION = YES;
				CLANG_WARN_COMMA = YES;
				CLANG_WARN_CONSTANT_CONVERSION = YES;
				CLANG_WARN_DEPRECATED_OBJC_IMPLEMENTATIONS = YES;
				CLANG_WARN_DIRECT_OBJC_ISA_USAGE = YES_ERROR;
				CLANG_WARN_DOCUMENTATION_COMMENTS = YES;
				CLANG_WARN_EMPTY_BODY = YES;
				CLANG_WARN_ENUM_CONVERSION = YES;
				CLANG_WARN_INFINITE_RECURSION = YES;
				CLANG_WARN_INT_CONVERSION = YES;
				CLANG_WARN_NON_LITERAL_NULL_CONVERSION = YES;
				CLANG_WARN_OBJC_IMPLICIT_RETAIN_SELF = YES;
				CLANG_WARN_OBJC_LITERAL_CONVERSION = YES;
				CLANG_WARN_OBJC_ROOT_CLASS = YES_ERROR;
				CLANG_WARN_QUOTED_INCLUDE_IN_FRAMEWORK_HEADER = YES;
				CLANG_WARN_RANGE_LOOP_ANALYSIS = YES;
				CLANG_WARN_STRICT_PROTOTYPES = YES;
				CLANG_WARN_SUSPICIOUS_MOVE = YES;
				CLANG_WARN_UNGUARDED_AVAILABILITY = YES_AGGRESSIVE;
				CLANG_WARN_UNREACHABLE_CODE = YES;
				CLANG_WARN__DUPLICATE_METHOD_MATCH = YES;
				COPY_PHASE_STRIP = NO;
				DEBUG_INFORMATION_FORMAT = "dwarf-with-dsym";
				ENABLE_NS_ASSERTIONS = NO;
				ENABLE_STRICT_OBJC_MSGSEND = YES;
				ENABLE_USER_SCRIPT_SANDBOXING = NO;
				GCC_C_LANGUAGE_STANDARD = gnu17;
				GCC_NO_COMMON_BLOCKS = YES;
				GCC_WARN_64_TO_32_BIT_CONVERSION = YES;
				GCC_WARN_ABOUT_RETURN_TYPE = YES_ERROR;
				GCC_WARN_UNDECLARED_SELECTOR = YES;
				GCC_WARN_UNINITIALIZED_AUTOS = YES_AGGRESSIVE;
				GCC_WARN_UNUSED_FUNCTION = YES;
				GCC_WARN_UNUSED_VARIABLE = YES;
				IPHONEOS_DEPLOYMENT_TARGET = 17.5;
				LOCALIZATION_PREFERS_STRING_CATALOGS = YES;
				MTL_ENABLE_DEBUG_INFO = NO;
				MTL_FAST_MATH = YES;
				SDKROOT = iphoneos;
				SWIFT_COMPILATION_MODE = wholemodule;
				VALIDATE_PRODUCT = YES;
			};
			name = Release;
		};
		61C6D6912C9232F800C7563D /* Debug */ = {
			isa = XCBuildConfiguration;
			baseConfigurationReference = 0F7C05DE770C249497359A79 /* Pods-DynamicDesigns.debug.xcconfig */;
			buildSettings = {
				ASSETCATALOG_COMPILER_APPICON_NAME = AppIcon;
				ASSETCATALOG_COMPILER_GLOBAL_ACCENT_COLOR_NAME = AccentColor;
				CODE_SIGN_STYLE = Automatic;
				CURRENT_PROJECT_VERSION = 1;
				DEVELOPMENT_TEAM = 4866964873;
				GENERATE_INFOPLIST_FILE = YES;
				INFOPLIST_FILE = DynamicDesigns/Info.plist;
				INFOPLIST_KEY_UIApplicationSupportsIndirectInputEvents = YES;
				INFOPLIST_KEY_UILaunchStoryboardName = LaunchScreen;
				INFOPLIST_KEY_UIMainStoryboardFile = Main;
				INFOPLIST_KEY_UISupportedInterfaceOrientations_iPad = "UIInterfaceOrientationPortrait UIInterfaceOrientationPortraitUpsideDown UIInterfaceOrientationLandscapeLeft UIInterfaceOrientationLandscapeRight";
				INFOPLIST_KEY_UISupportedInterfaceOrientations_iPhone = "UIInterfaceOrientationPortrait UIInterfaceOrientationLandscapeLeft UIInterfaceOrientationLandscapeRight";
				IPHONEOS_DEPLOYMENT_TARGET = 15.0;
				LD_RUNPATH_SEARCH_PATHS = (
					"$(inherited)",
					"@executable_path/Frameworks",
				);
				MARKETING_VERSION = 1.0;
				PRODUCT_BUNDLE_IDENTIFIER = com.IremSever.DynamicDesigns;
				PRODUCT_NAME = "$(TARGET_NAME)";
				SWIFT_EMIT_LOC_STRINGS = YES;
				SWIFT_VERSION = 5.0;
				TARGETED_DEVICE_FAMILY = "1,2";
			};
			name = Debug;
		};
		61C6D6922C9232F800C7563D /* Release */ = {
			isa = XCBuildConfiguration;
			baseConfigurationReference = 087FA16FF3ADCDF1A54F52A4 /* Pods-DynamicDesigns.release.xcconfig */;
			buildSettings = {
				ASSETCATALOG_COMPILER_APPICON_NAME = AppIcon;
				ASSETCATALOG_COMPILER_GLOBAL_ACCENT_COLOR_NAME = AccentColor;
				CODE_SIGN_STYLE = Automatic;
				CURRENT_PROJECT_VERSION = 1;
				DEVELOPMENT_TEAM = 4866964873;
				GENERATE_INFOPLIST_FILE = YES;
				INFOPLIST_FILE = DynamicDesigns/Info.plist;
				INFOPLIST_KEY_UIApplicationSupportsIndirectInputEvents = YES;
				INFOPLIST_KEY_UILaunchStoryboardName = LaunchScreen;
				INFOPLIST_KEY_UIMainStoryboardFile = Main;
				INFOPLIST_KEY_UISupportedInterfaceOrientations_iPad = "UIInterfaceOrientationPortrait UIInterfaceOrientationPortraitUpsideDown UIInterfaceOrientationLandscapeLeft UIInterfaceOrientationLandscapeRight";
				INFOPLIST_KEY_UISupportedInterfaceOrientations_iPhone = "UIInterfaceOrientationPortrait UIInterfaceOrientationLandscapeLeft UIInterfaceOrientationLandscapeRight";
				IPHONEOS_DEPLOYMENT_TARGET = 15.0;
				LD_RUNPATH_SEARCH_PATHS = (
					"$(inherited)",
					"@executable_path/Frameworks",
				);
				MARKETING_VERSION = 1.0;
				PRODUCT_BUNDLE_IDENTIFIER = com.IremSever.DynamicDesigns;
				PRODUCT_NAME = "$(TARGET_NAME)";
				SWIFT_EMIT_LOC_STRINGS = YES;
				SWIFT_VERSION = 5.0;
				TARGETED_DEVICE_FAMILY = "1,2";
			};
			name = Release;
		};
/* End XCBuildConfiguration section */

/* Begin XCConfigurationList section */
		61C6D6772C9232F700C7563D /* Build configuration list for PBXProject "DynamicDesigns" */ = {
			isa = XCConfigurationList;
			buildConfigurations = (
				61C6D68E2C9232F800C7563D /* Debug */,
				61C6D68F2C9232F800C7563D /* Release */,
			);
			defaultConfigurationIsVisible = 0;
			defaultConfigurationName = Release;
		};
		61C6D6902C9232F800C7563D /* Build configuration list for PBXNativeTarget "DynamicDesigns" */ = {
			isa = XCConfigurationList;
			buildConfigurations = (
				61C6D6912C9232F800C7563D /* Debug */,
				61C6D6922C9232F800C7563D /* Release */,
			);
			defaultConfigurationIsVisible = 0;
			defaultConfigurationName = Release;
		};
/* End XCConfigurationList section */

/* Begin XCRemoteSwiftPackageReference section */
		61000D622C924F5300A08D23 /* XCRemoteSwiftPackageReference "firebase-ios-sdk" */ = {
			isa = XCRemoteSwiftPackageReference;
			repositoryURL = "https://github.com/firebase/firebase-ios-sdk";
			requirement = {
				kind = upToNextMajorVersion;
				minimumVersion = 11.2.0;
			};
		};
/* End XCRemoteSwiftPackageReference section */

/* Begin XCSwiftPackageProductDependency section */
		61782E102C9255E900A29668 /* FirebaseAnalytics */ = {
			isa = XCSwiftPackageProductDependency;
			package = 61000D622C924F5300A08D23 /* XCRemoteSwiftPackageReference "firebase-ios-sdk" */;
			productName = FirebaseAnalytics;
		};
		61782E122C9255F100A29668 /* FirebaseRemoteConfig */ = {
			isa = XCSwiftPackageProductDependency;
			package = 61000D622C924F5300A08D23 /* XCRemoteSwiftPackageReference "firebase-ios-sdk" */;
			productName = FirebaseRemoteConfig;
		};
		61782E142C9255F700A29668 /* FirebaseStorage */ = {
			isa = XCSwiftPackageProductDependency;
			package = 61000D622C924F5300A08D23 /* XCRemoteSwiftPackageReference "firebase-ios-sdk" */;
			productName = FirebaseStorage;
		};
		61782E162C92563800A29668 /* FirebaseAnalyticsOnDeviceConversion */ = {
			isa = XCSwiftPackageProductDependency;
			package = 61000D622C924F5300A08D23 /* XCRemoteSwiftPackageReference "firebase-ios-sdk" */;
			productName = FirebaseAnalyticsOnDeviceConversion;
		};
		61782E182C92565000A29668 /* FirebaseAnalyticsWithoutAdIdSupport */ = {
			isa = XCSwiftPackageProductDependency;
			package = 61000D622C924F5300A08D23 /* XCRemoteSwiftPackageReference "firebase-ios-sdk" */;
			productName = FirebaseAnalyticsWithoutAdIdSupport;
		};
		61782E1A2C92565A00A29668 /* FirebaseAppCheck */ = {
			isa = XCSwiftPackageProductDependency;
			package = 61000D622C924F5300A08D23 /* XCRemoteSwiftPackageReference "firebase-ios-sdk" */;
			productName = FirebaseAppCheck;
		};
		61782E1C2C92567A00A29668 /* FirebaseMessaging */ = {
			isa = XCSwiftPackageProductDependency;
			package = 61000D622C924F5300A08D23 /* XCRemoteSwiftPackageReference "firebase-ios-sdk" */;
			productName = FirebaseMessaging;
		};
/* End XCSwiftPackageProductDependency section */
	};
	rootObject = 61C6D6742C9232F700C7563D /* Project object */;
}
